
Microsoft Visual Studio Solution File, Format Version 12.00
# Visual Studio Version 16
VisualStudioVersion = 16.0.29920.165
MinimumVisualStudioVersion = 10.0.40219.1
Project("{FAE04EC0-301F-11D3-BF4B-00C04F79EFBC}") = "AmbientPlugin", "AmbientPlugin.csproj", "{953CF953-9EF3-44A7-AA3C-029C43683B8A}"
EndProject
Global
	GlobalSection(SolutionConfigurationPlatforms) = preSolution
		Debug|Any CPU = Debug|Any CPU
		Release|Any CPU = Release|Any CPU
	EndGlobalSection
	GlobalSection(ProjectConfigurationPlatforms) = postSolution
		{953CF953-9EF3-44A7-AA3C-029C43683B8A}.Debug|Any CPU.ActiveCfg = Debug|Any CPU
		{953CF953-9EF3-44A7-AA3C-029C43683B8A}.Debug|Any CPU.Build.0 = Debug|Any CPU
		{953CF953-9EF3-44A7-AA3C-029C43683B8A}.Release|Any CPU.ActiveCfg = Release|Any CPU
		{953CF953-9EF3-44A7-AA3C-029C43683B8A}.Release|Any CPU.Build.0 = Release|Any CPU
	EndGlobalSection
	GlobalSection(SolutionProperties) = preSolution
		HideSolutionNode = FALSE
	EndGlobalSection
	GlobalSection(ExtensibilityGlobals) = postSolution
		SolutionGuid = {28D6F3C3-D5B7-45C0-B9B2-4C15B6EAF9CE}
	EndGlobalSection
EndGlobal
